
Microsoft Visual Studio Solution File, Format Version 12.00
# Visual Studio Version 17
VisualStudioVersion = 17.9.34728.123
MinimumVisualStudioVersion = 10.0.40219.1
Project("{FAE04EC0-301F-11D3-BF4B-00C04F79EFBC}") = "Core", "Core\Core.csproj", "{3D0D03A7-7B24-4706-880D-B607AAC1E205}"
EndProject
Project("{FAE04EC0-301F-11D3-BF4B-00C04F79EFBC}") = "Business", "Business\Business.csproj", "{E1AD1512-9B5B-4F85-BDDA-418259E61AEB}"
EndProject
Project("{FAE04EC0-301F-11D3-BF4B-00C04F79EFBC}") = "Entities", "Entities\Entities.csproj", "{F8BE4628-5ADF-4286-905F-8DAD2EE5461B}"
EndProject
Project("{FAE04EC0-301F-11D3-BF4B-00C04F79EFBC}") = "DataAccess", "DataAccess\DataAccess.csproj", "{79C5287C-3AFF-4118-9A8D-A8C4674F3704}"
EndProject
Project("{FAE04EC0-301F-11D3-BF4B-00C04F79EFBC}") = "WebApi", "WebApi\WebApi.csproj", "{316BCD25-6C56-435E-BA3C-3825941A0AF4}"
EndProject
Global
	GlobalSection(SolutionConfigurationPlatforms) = preSolution
		Debug|Any CPU = Debug|Any CPU
		Release|Any CPU = Release|Any CPU
	EndGlobalSection
	GlobalSection(ProjectConfigurationPlatforms) = postSolution
		{3D0D03A7-7B24-4706-880D-B607AAC1E205}.Debug|Any CPU.ActiveCfg = Debug|Any CPU
		{3D0D03A7-7B24-4706-880D-B607AAC1E205}.Debug|Any CPU.Build.0 = Debug|Any CPU
		{3D0D03A7-7B24-4706-880D-B607AAC1E205}.Release|Any CPU.ActiveCfg = Release|Any CPU
		{3D0D03A7-7B24-4706-880D-B607AAC1E205}.Release|Any CPU.Build.0 = Release|Any CPU
		{E1AD1512-9B5B-4F85-BDDA-418259E61AEB}.Debug|Any CPU.ActiveCfg = Debug|Any CPU
		{E1AD1512-9B5B-4F85-BDDA-418259E61AEB}.Debug|Any CPU.Build.0 = Debug|Any CPU
		{E1AD1512-9B5B-4F85-BDDA-418259E61AEB}.Release|Any CPU.ActiveCfg = Release|Any CPU
		{E1AD1512-9B5B-4F85-BDDA-418259E61AEB}.Release|Any CPU.Build.0 = Release|Any CPU
		{F8BE4628-5ADF-4286-905F-8DAD2EE5461B}.Debug|Any CPU.ActiveCfg = Debug|Any CPU
		{F8BE4628-5ADF-4286-905F-8DAD2EE5461B}.Debug|Any CPU.Build.0 = Debug|Any CPU
		{F8BE4628-5ADF-4286-905F-8DAD2EE5461B}.Release|Any CPU.ActiveCfg = Release|Any CPU
		{F8BE4628-5ADF-4286-905F-8DAD2EE5461B}.Release|Any CPU.Build.0 = Release|Any CPU
		{79C5287C-3AFF-4118-9A8D-A8C4674F3704}.Debug|Any CPU.ActiveCfg = Debug|Any CPU
		{79C5287C-3AFF-4118-9A8D-A8C4674F3704}.Debug|Any CPU.Build.0 = Debug|Any CPU
		{79C5287C-3AFF-4118-9A8D-A8C4674F3704}.Release|Any CPU.ActiveCfg = Release|Any CPU
		{79C5287C-3AFF-4118-9A8D-A8C4674F3704}.Release|Any CPU.Build.0 = Release|Any CPU
		{316BCD25-6C56-435E-BA3C-3825941A0AF4}.Debug|Any CPU.ActiveCfg = Debug|Any CPU
		{316BCD25-6C56-435E-BA3C-3825941A0AF4}.Debug|Any CPU.Build.0 = Debug|Any CPU
		{316BCD25-6C56-435E-BA3C-3825941A0AF4}.Release|Any CPU.ActiveCfg = Release|Any CPU
		{316BCD25-6C56-435E-BA3C-3825941A0AF4}.Release|Any CPU.Build.0 = Release|Any CPU
	EndGlobalSection
	GlobalSection(SolutionProperties) = preSolution
		HideSolutionNode = FALSE
	EndGlobalSection
	GlobalSection(ExtensibilityGlobals) = postSolution
		SolutionGuid = {F391F392-6168-4ED7-9F62-DCF288549E43}
	EndGlobalSection
EndGlobal
